{
  "version": "5",
  "specifiers": {
    "npm:effect@^3.18.4": "3.18.4",
    "npm:xstate@^5.23.0": "5.23.0"
  },
  "npm": {
    "@standard-schema/spec@1.0.0": {
      "integrity": "sha512-m2bOd0f2RT9k8QJx1JN85cZYyH1RqFBdlwtkSlf4tBDYLCiiZnv1fIIwacK6cqwXavOydf0NPToMQgpKq+dVlA=="
    },
    "effect@3.18.4": {
      "integrity": "sha512-b1LXQJLe9D11wfnOKAk3PKxuqYshQ0Heez+y5pnkd3jLj1yx9QhM72zZ9uUrOQyNvrs2GZZd/3maL0ZV18YuDA==",
      "dependencies": [
        "@standard-schema/spec",
        "fast-check"
      ]
    },
    "fast-check@3.23.2": {
      "integrity": "sha512-h5+1OzzfCC3Ef7VbtKdcv7zsstUQwUDlYpUTvjeUsJAssPgLn7QzbboPtL5ro04Mq0rPOsMzl7q5hIbRs2wD1A==",
      "dependencies": [
        "pure-rand"
      ]
    },
    "pure-rand@6.1.0": {
      "integrity": "sha512-bVWawvoZoBYpp6yIoQtQXHZjmz35RSVHnUOTefl8Vcjr8snTPY1wnpSPMWekcFwbxI6gtmT7rSYPFvz71ldiOA=="
    },
    "xstate@5.23.0": {
      "integrity": "sha512-jo126xWXkU6ySQ91n51+H2xcgnMuZcCQpQoD3FQ79d32a6RQvryRh8rrDHnH4WDdN/yg5xNjlIRol9ispMvzeg=="
    }
  },
  "workspace": {
    "dependencies": [
      "npm:effect@^3.18.4",
      "npm:xstate@^5.23.0"
    ]
  }
}
